
Microsoft Visual Studio Solution File, Format Version 12.00
# Visual Studio Version 17
VisualStudioVersion = 17.9.34902.65
MinimumVisualStudioVersion = 10.0.40219.1
Project("{FAE04EC0-301F-11D3-BF4B-00C04F79EFBC}") = "AzureKeyVault.Maui", "AzureKeyVault.Maui\AzureKeyVault.Maui.csproj", "{6F705D3F-450B-4996-9539-BC2FCD5A62D6}"
EndProject
Global
	GlobalSection(SolutionConfigurationPlatforms) = preSolution
		Debug|Any CPU = Debug|Any CPU
		Release|Any CPU = Release|Any CPU
	EndGlobalSection
	GlobalSection(ProjectConfigurationPlatforms) = postSolution
		{6F705D3F-450B-4996-9539-BC2FCD5A62D6}.Debug|Any CPU.ActiveCfg = Debug|Any CPU
		{6F705D3F-450B-4996-9539-BC2FCD5A62D6}.Debug|Any CPU.Build.0 = Debug|Any CPU
		{6F705D3F-450B-4996-9539-BC2FCD5A62D6}.Debug|Any CPU.Deploy.0 = Debug|Any CPU
		{6F705D3F-450B-4996-9539-BC2FCD5A62D6}.Release|Any CPU.ActiveCfg = Release|Any CPU
		{6F705D3F-450B-4996-9539-BC2FCD5A62D6}.Release|Any CPU.Build.0 = Release|Any CPU
		{6F705D3F-450B-4996-9539-BC2FCD5A62D6}.Release|Any CPU.Deploy.0 = Release|Any CPU
	EndGlobalSection
	GlobalSection(SolutionProperties) = preSolution
		HideSolutionNode = FALSE
	EndGlobalSection
	GlobalSection(ExtensibilityGlobals) = postSolution
		SolutionGuid = {B114563E-1F3F-4F52-8AD8-9AFD3FCAC355}
	EndGlobalSection
EndGlobal
